
Microsoft Visual Studio Solution File, Format Version 12.00
# Visual Studio Version 17
VisualStudioVersion = 17.11.35222.181
MinimumVisualStudioVersion = 10.0.40219.1
Project("{FAE04EC0-301F-11D3-BF4B-00C04F79EFBC}") = "README_Excel_Project_Data_Analytics", "README_Excel_Project_Data_Analytics\README_Excel_Project_Data_Analytics.csproj", "{A10BE99C-67FD-4378-B8EF-D3AF9C8CA131}"
EndProject
Global
	GlobalSection(SolutionConfigurationPlatforms) = preSolution
		Debug|Any CPU = Debug|Any CPU
		Release|Any CPU = Release|Any CPU
	EndGlobalSection
	GlobalSection(ProjectConfigurationPlatforms) = postSolution
		{A10BE99C-67FD-4378-B8EF-D3AF9C8CA131}.Debug|Any CPU.ActiveCfg = Debug|Any CPU
		{A10BE99C-67FD-4378-B8EF-D3AF9C8CA131}.Debug|Any CPU.Build.0 = Debug|Any CPU
		{A10BE99C-67FD-4378-B8EF-D3AF9C8CA131}.Release|Any CPU.ActiveCfg = Release|Any CPU
		{A10BE99C-67FD-4378-B8EF-D3AF9C8CA131}.Release|Any CPU.Build.0 = Release|Any CPU
	EndGlobalSection
	GlobalSection(SolutionProperties) = preSolution
		HideSolutionNode = FALSE
	EndGlobalSection
	GlobalSection(ExtensibilityGlobals) = postSolution
		SolutionGuid = {72CCF079-A4E4-43CD-A8B8-D825693A35A2}
	EndGlobalSection
EndGlobal
